// !$*UTF8*$!
{
	archiveVersion = 1;
	classes = {
	};
	objectVersion = 50;
	objects = {

/* Begin PBXBuildFile section */
		943DA1C1254F7B5E001B9CCB /* AppDelegate.swift in Sources */ = {isa = PBXBuildFile; fileRef = 943DA1C0254F7B5E001B9CCB /* AppDelegate.swift */; };
		943DA1C3254F7B5E001B9CCB /* SceneDelegate.swift in Sources */ = {isa = PBXBuildFile; fileRef = 943DA1C2254F7B5E001B9CCB /* SceneDelegate.swift */; };
		943DA1C5254F7B5E001B9CCB /* ByteCoinViewController.swift in Sources */ = {isa = PBXBuildFile; fileRef = 943DA1C4254F7B5E001B9CCB /* ByteCoinViewController.swift */; };
		943DA1C8254F7B5E001B9CCB /* Main.storyboard in Resources */ = {isa = PBXBuildFile; fileRef = 943DA1C6254F7B5E001B9CCB /* Main.storyboard */; };
		943DA1CA254F7B60001B9CCB /* Assets.xcassets in Resources */ = {isa = PBXBuildFile; fileRef = 943DA1C9254F7B60001B9CCB /* Assets.xcassets */; };
		943DA1CD254F7B60001B9CCB /* LaunchScreen.storyboard in Resources */ = {isa = PBXBuildFile; fileRef = 943DA1CB254F7B60001B9CCB /* LaunchScreen.storyboard */; };
		943DA1DC254F948D001B9CCB /* CoinNetworkManager.swift in Sources */ = {isa = PBXBuildFile; fileRef = 943DA1DB254F948D001B9CCB /* CoinNetworkManager.swift */; };
		943DA1DF2554D2C6001B9CCB /* CoinExchangeData.swift in Sources */ = {isa = PBXBuildFile; fileRef = 943DA1DE2554D2C6001B9CCB /* CoinExchangeData.swift */; };
		943DA1E22554D71E001B9CCB /* CoinExchangeModel.swift in Sources */ = {isa = PBXBuildFile; fileRef = 943DA1E12554D71E001B9CCB /* CoinExchangeModel.swift */; };
/* End PBXBuildFile section */

/* Begin PBXFileReference section */
		943DA1BD254F7B5E001B9CCB /* ByteCoin.app */ = {isa = PBXFileReference; explicitFileType = wrapper.application; includeInIndex = 0; path = ByteCoin.app; sourceTree = BUILT_PRODUCTS_DIR; };
		943DA1C0254F7B5E001B9CCB /* AppDelegate.swift */ = {isa = PBXFileReference; lastKnownFileType = sourcecode.swift; path = AppDelegate.swift; sourceTree = "<group>"; };
		943DA1C2254F7B5E001B9CCB /* SceneDelegate.swift */ = {isa = PBXFileReference; lastKnownFileType = sourcecode.swift; path = SceneDelegate.swift; sourceTree = "<group>"; };
		943DA1C4254F7B5E001B9CCB /* ByteCoinViewController.swift */ = {isa = PBXFileReference; lastKnownFileType = sourcecode.swift; path = ByteCoinViewController.swift; sourceTree = "<group>"; };
		943DA1C7254F7B5E001B9CCB /* Base */ = {isa = PBXFileReference; lastKnownFileType = file.storyboard; name = Base; path = Base.lproj/Main.storyboard; sourceTree = "<group>"; };
		943DA1C9254F7B60001B9CCB /* Assets.xcassets */ = {isa = PBXFileReference; lastKnownFileType = folder.assetcatalog; path = Assets.xcassets; sourceTree = "<group>"; };
		943DA1CC254F7B60001B9CCB /* Base */ = {isa = PBXFileReference; lastKnownFileType = file.storyboard; name = Base; path = Base.lproj/LaunchScreen.storyboard; sourceTree = "<group>"; };
		943DA1CE254F7B60001B9CCB /* Info.plist */ = {isa = PBXFileReference; lastKnownFileType = text.plist.xml; path = Info.plist; sourceTree = "<group>"; };
		943DA1DB254F948D001B9CCB /* CoinNetworkManager.swift */ = {isa = PBXFileReference; lastKnownFileType = sourcecode.swift; path = CoinNetworkManager.swift; sourceTree = "<group>"; };
		943DA1DE2554D2C6001B9CCB /* CoinExchangeData.swift */ = {isa = PBXFileReference; lastKnownFileType = sourcecode.swift; path = CoinExchangeData.swift; sourceTree = "<group>"; };
		943DA1E12554D71E001B9CCB /* CoinExchangeModel.swift */ = {isa = PBXFileReference; lastKnownFileType = sourcecode.swift; path = CoinExchangeModel.swift; sourceTree = "<group>"; };
/* End PBXFileReference section */

/* Begin PBXFrameworksBuildPhase section */
		943DA1BA254F7B5E001B9CCB /* Frameworks */ = {
			isa = PBXFrameworksBuildPhase;
			buildActionMask = 2147483647;
			files = (
			);
			runOnlyForDeploymentPostprocessing = 0;
		};
/* End PBXFrameworksBuildPhase section */

/* Begin PBXGroup section */
		943DA1B4254F7B5E001B9CCB = {
			isa = PBXGroup;
			children = (
				943DA1BF254F7B5E001B9CCB /* ByteCoin */,
				943DA1BE254F7B5E001B9CCB /* Products */,
			);
			sourceTree = "<group>";
		};
		943DA1BE254F7B5E001B9CCB /* Products */ = {
			isa = PBXGroup;
			children = (
				943DA1BD254F7B5E001B9CCB /* ByteCoin.app */,
			);
			name = Products;
			sourceTree = "<group>";
		};
		943DA1BF254F7B5E001B9CCB /* ByteCoin */ = {
			isa = PBXGroup;
			children = (
				943DA1D8254F7BA5001B9CCB /* Model */,
				943DA1D5254F7B7E001B9CCB /* View */,
				943DA1C0254F7B5E001B9CCB /* AppDelegate.swift */,
				943DA1C2254F7B5E001B9CCB /* SceneDelegate.swift */,
				943DA1D6254F7B98001B9CCB /* Controller */,
				943DA1C9254F7B60001B9CCB /* Assets.xcassets */,
				943DA1CB254F7B60001B9CCB /* LaunchScreen.storyboard */,
				943DA1CE254F7B60001B9CCB /* Info.plist */,
			);
			path = ByteCoin;
			sourceTree = "<group>";
		};
		943DA1D5254F7B7E001B9CCB /* View */ = {
			isa = PBXGroup;
			children = (
				943DA1C6254F7B5E001B9CCB /* Main.storyboard */,
			);
			path = View;
			sourceTree = "<group>";
		};
		943DA1D6254F7B98001B9CCB /* Controller */ = {
			isa = PBXGroup;
			children = (
				943DA1C4254F7B5E001B9CCB /* ByteCoinViewController.swift */,
			);
			path = Controller;
			sourceTree = "<group>";
		};
		943DA1D8254F7BA5001B9CCB /* Model */ = {
			isa = PBXGroup;
			children = (
				943DA1DB254F948D001B9CCB /* CoinNetworkManager.swift */,
				943DA1DE2554D2C6001B9CCB /* CoinExchangeData.swift */,
				943DA1E12554D71E001B9CCB /* CoinExchangeModel.swift */,
			);
			path = Model;
			sourceTree = "<group>";
		};
/* End PBXGroup section */

/* Begin PBXNativeTarget section */
		943DA1BC254F7B5E001B9CCB /* ByteCoin */ = {
			isa = PBXNativeTarget;
			buildConfigurationList = 943DA1D1254F7B60001B9CCB /* Build configuration list for PBXNativeTarget "ByteCoin" */;
			buildPhases = (
				943DA1B9254F7B5E001B9CCB /* Sources */,
				943DA1BA254F7B5E001B9CCB /* Frameworks */,
				943DA1BB254F7B5E001B9CCB /* Resources */,
			);
			buildRules = (
			);
			dependencies = (
			);
			name = ByteCoin;
			productName = ByteCoin;
			productReference = 943DA1BD254F7B5E001B9CCB /* ByteCoin.app */;
			productType = "com.apple.product-type.application";
		};
/* End PBXNativeTarget section */

/* Begin PBXProject section */
		943DA1B5254F7B5E001B9CCB /* Project object */ = {
			isa = PBXProject;
			attributes = {
				LastSwiftUpdateCheck = 1210;
				LastUpgradeCheck = 1210;
				TargetAttributes = {
					943DA1BC254F7B5E001B9CCB = {
						CreatedOnToolsVersion = 12.1;
					};
				};
			};
			buildConfigurationList = 943DA1B8254F7B5E001B9CCB /* Build configuration list for PBXProject "ByteCoin" */;
			compatibilityVersion = "Xcode 9.3";
			developmentRegion = en;
			hasScannedForEncodings = 0;
			knownRegions = (
				en,
				Base,
			);
			mainGroup = 943DA1B4254F7B5E001B9CCB;
			productRefGroup = 943DA1BE254F7B5E001B9CCB /* Products */;
			projectDirPath = "";
			projectRoot = "";
			targets = (
				943DA1BC254F7B5E001B9CCB /* ByteCoin */,
			);
		};
/* End PBXProject section */

/* Begin PBXResourcesBuildPhase section */
		943DA1BB254F7B5E001B9CCB /* Resources */ = {
			isa = PBXResourcesBuildPhase;
			buildActionMask = 2147483647;
			files = (
				943DA1CD254F7B60001B9CCB /* LaunchScreen.storyboard in Resources */,
				943DA1CA254F7B60001B9CCB /* Assets.xcassets in Resources */,
				943DA1C8254F7B5E001B9CCB /* Main.storyboard in Resources */,
			);
			runOnlyForDeploymentPostprocessing = 0;
		};
/* End PBXResourcesBuildPhase section */

/* Begin PBXSourcesBuildPhase section */
		943DA1B9254F7B5E001B9CCB /* Sources */ = {
			isa = PBXSourcesBuildPhase;
			buildActionMask = 2147483647;
			files = (
				943DA1C5254F7B5E001B9CCB /* ByteCoinViewController.swift in Sources */,
				943DA1DC254F948D001B9CCB /* CoinNetworkManager.swift in Sources */,
				943DA1C1254F7B5E001B9CCB /* AppDelegate.swift in Sources */,
				943DA1C3254F7B5E001B9CCB /* SceneDelegate.swift in Sources */,
				943DA1DF2554D2C6001B9CCB /* CoinExchangeData.swift in Sources */,
				943DA1E22554D71E001B9CCB /* CoinExchangeModel.swift in Sources */,
			);
			runOnlyForDeploymentPostprocessing = 0;
		};
/* End PBXSourcesBuildPhase section */

/* Begin PBXVariantGroup section */
		943DA1C6254F7B5E001B9CCB /* Main.storyboard */ = {
			isa = PBXVariantGroup;
			children = (
				943DA1C7254F7B5E001B9CCB /* Base */,
			);
			name = Main.storyboard;
			sourceTree = "<group>";
		};
		943DA1CB254F7B60001B9CCB /* LaunchScreen.storyboard */ = {
			isa = PBXVariantGroup;
			children = (
				943DA1CC254F7B60001B9CCB /* Base */,
			);
			name = LaunchScreen.storyboard;
			sourceTree = "<group>";
		};
/* End PBXVariantGroup section */

/* Begin XCBuildConfiguration section */
		943DA1CF254F7B60001B9CCB /* Debug */ = {
			isa = XCBuildConfiguration;
			buildSettings = {
				ALWAYS_SEARCH_USER_PATHS = NO;
				CLANG_ANALYZER_NONNULL = YES;
				CLANG_ANALYZER_NUMBER_OBJECT_CONVERSION = YES_AGGRESSIVE;
				CLANG_CXX_LANGUAGE_STANDARD = "gnu++14";
				CLANG_CXX_LIBRARY = "libc++";
				CLANG_ENABLE_MODULES = YES;
				CLANG_ENABLE_OBJC_ARC = YES;
				CLANG_ENABLE_OBJC_WEAK = YES;
				CLANG_WARN_BLOCK_CAPTURE_AUTORELEASING = YES;
				CLANG_WARN_BOOL_CONVERSION = YES;
				CLANG_WARN_COMMA = YES;
				CLANG_WARN_CONSTANT_CONVERSION = YES;
				CLANG_WARN_DEPRECATED_OBJC_IMPLEMENTATIONS = YES;
				CLANG_WARN_DIRECT_OBJC_ISA_USAGE = YES_ERROR;
				CLANG_WARN_DOCUMENTATION_COMMENTS = YES;
				CLANG_WARN_EMPTY_BODY = YES;
				CLANG_WARN_ENUM_CONVERSION = YES;
				CLANG_WARN_INFINITE_RECURSION = YES;
				CLANG_WARN_INT_CONVERSION = YES;
				CLANG_WARN_NON_LITERAL_NULL_CONVERSION = YES;
				CLANG_WARN_OBJC_IMPLICIT_RETAIN_SELF = YES;
				CLANG_WARN_OBJC_LITERAL_CONVERSION = YES;
				CLANG_WARN_OBJC_ROOT_CLASS = YES_ERROR;
				CLANG_WARN_QUOTED_INCLUDE_IN_FRAMEWORK_HEADER = YES;
				CLANG_WARN_RANGE_LOOP_ANALYSIS = YES;
				CLANG_WARN_STRICT_PROTOTYPES = YES;
				CLANG_WARN_SUSPICIOUS_MOVE = YES;
				CLANG_WARN_UNGUARDED_AVAILABILITY = YES_AGGRESSIVE;
				CLANG_WARN_UNREACHABLE_CODE = YES;
				CLANG_WARN__DUPLICATE_METHOD_MATCH = YES;
				COPY_PHASE_STRIP = NO;
				DEBUG_INFORMATION_FORMAT = dwarf;
				ENABLE_STRICT_OBJC_MSGSEND = YES;
				ENABLE_TESTABILITY = YES;
				GCC_C_LANGUAGE_STANDARD = gnu11;
				GCC_DYNAMIC_NO_PIC = NO;
				GCC_NO_COMMON_BLOCKS = YES;
				GCC_OPTIMIZATION_LEVEL = 0;
				GCC_PREPROCESSOR_DEFINITIONS = (
					"DEBUG=1",
					"$(inherited)",
				);
				GCC_WARN_64_TO_32_BIT_CONVERSION = YES;
				GCC_WARN_ABOUT_RETURN_TYPE = YES_ERROR;
				GCC_WARN_UNDECLARED_SELECTOR = YES;
				GCC_WARN_UNINITIALIZED_AUTOS = YES_AGGRESSIVE;
				GCC_WARN_UNUSED_FUNCTION = YES;
				GCC_WARN_UNUSED_VARIABLE = YES;
				IPHONEOS_DEPLOYMENT_TARGET = 14.1;
				MTL_ENABLE_DEBUG_INFO = INCLUDE_SOURCE;
				MTL_FAST_MATH = YES;
				ONLY_ACTIVE_ARCH = YES;
				SDKROOT = iphoneos;
				SWIFT_ACTIVE_COMPILATION_CONDITIONS = DEBUG;
				SWIFT_OPTIMIZATION_LEVEL = "-Onone";
			};
			name = Debug;
		};
		943DA1D0254F7B60001B9CCB /* Release */ = {
			isa = XCBuildConfiguration;
			buildSettings = {
				ALWAYS_SEARCH_USER_PATHS = NO;
				CLANG_ANALYZER_NONNULL = YES;
				CLANG_ANALYZER_NUMBER_OBJECT_CONVERSION = YES_AGGRESSIVE;
				CLANG_CXX_LANGUAGE_STANDARD = "gnu++14";
				CLANG_CXX_LIBRARY = "libc++";
				CLANG_ENABLE_MODULES = YES;
				CLANG_ENABLE_OBJC_ARC = YES;
				CLANG_ENABLE_OBJC_WEAK = YES;
				CLANG_WARN_BLOCK_CAPTURE_AUTORELEASING = YES;
				CLANG_WARN_BOOL_CONVERSION = YES;
				CLANG_WARN_COMMA = YES;
				CLANG_WARN_CONSTANT_CONVERSION = YES;
				CLANG_WARN_DEPRECATED_OBJC_IMPLEMENTATIONS = YES;
				CLANG_WARN_DIRECT_OBJC_ISA_USAGE = YES_ERROR;
				CLANG_WARN_DOCUMENTATION_COMMENTS = YES;
				CLANG_WARN_EMPTY_BODY = YES;
				CLANG_WARN_ENUM_CONVERSION = YES;
				CLANG_WARN_INFINITE_RECURSION = YES;
				CLANG_WARN_INT_CONVERSION = YES;
				CLANG_WARN_NON_LITERAL_NULL_CONVERSION = YES;
				CLANG_WARN_OBJC_IMPLICIT_RETAIN_SELF = YES;
				CLANG_WARN_OBJC_LITERAL_CONVERSION = YES;
				CLANG_WARN_OBJC_ROOT_CLASS = YES_ERROR;
				CLANG_WARN_QUOTED_INCLUDE_IN_FRAMEWORK_HEADER = YES;
				CLANG_WARN_RANGE_LOOP_ANALYSIS = YES;
				CLANG_WARN_STRICT_PROTOTYPES = YES;
				CLANG_WARN_SUSPICIOUS_MOVE = YES;
				CLANG_WARN_UNGUARDED_AVAILABILITY = YES_AGGRESSIVE;
				CLANG_WARN_UNREACHABLE_CODE = YES;
				CLANG_WARN__DUPLICATE_METHOD_MATCH = YES;
				COPY_PHASE_STRIP = NO;
				DEBUG_INFORMATION_FORMAT = "dwarf-with-dsym";
				ENABLE_NS_ASSERTIONS = NO;
				ENABLE_STRICT_OBJC_MSGSEND = YES;
				GCC_C_LANGUAGE_STANDARD = gnu11;
				GCC_NO_COMMON_BLOCKS = YES;
				GCC_WARN_64_TO_32_BIT_CONVERSION = YES;
				GCC_WARN_ABOUT_RETURN_TYPE = YES_ERROR;
				GCC_WARN_UNDECLARED_SELECTOR = YES;
				GCC_WARN_UNINITIALIZED_AUTOS = YES_AGGRESSIVE;
				GCC_WARN_UNUSED_FUNCTION = YES;
				GCC_WARN_UNUSED_VARIABLE = YES;
				IPHONEOS_DEPLOYMENT_TARGET = 14.1;
				MTL_ENABLE_DEBUG_INFO = NO;
				MTL_FAST_MATH = YES;
				SDKROOT = iphoneos;
				SWIFT_COMPILATION_MODE = wholemodule;
				SWIFT_OPTIMIZATION_LEVEL = "-O";
				VALIDATE_PRODUCT = YES;
			};
			name = Release;
		};
		943DA1D2254F7B60001B9CCB /* Debug */ = {
			isa = XCBuildConfiguration;
			buildSettings = {
				ASSETCATALOG_COMPILER_APPICON_NAME = AppIcon;
				ASSETCATALOG_COMPILER_GLOBAL_ACCENT_COLOR_NAME = AccentColor;
				CODE_SIGN_STYLE = Automatic;
				DEVELOPMENT_TEAM = 84DZK4GQVB;
				INFOPLIST_FILE = ByteCoin/Info.plist;
				LD_RUNPATH_SEARCH_PATHS = (
					"$(inherited)",
					"@executable_path/Frameworks",
				);
				PRODUCT_BUNDLE_IDENTIFIER = com.johnsonmima.ByteCoin;
				PRODUCT_NAME = "$(TARGET_NAME)";
				SWIFT_VERSION = 5.0;
				TARGETED_DEVICE_FAMILY = "1,2";
			};
			name = Debug;
		};
		943DA1D3254F7B60001B9CCB /* Release */ = {
			isa = XCBuildConfiguration;
			buildSettings = {
				ASSETCATALOG_COMPILER_APPICON_NAME = AppIcon;
				ASSETCATALOG_COMPILER_GLOBAL_ACCENT_COLOR_NAME = AccentColor;
				CODE_SIGN_STYLE = Automatic;
				DEVELOPMENT_TEAM = 84DZK4GQVB;
				INFOPLIST_FILE = ByteCoin/Info.plist;
				LD_RUNPATH_SEARCH_PATHS = (
					"$(inherited)",
					"@executable_path/Frameworks",
				);
				PRODUCT_BUNDLE_IDENTIFIER = com.johnsonmima.ByteCoin;
				PRODUCT_NAME = "$(TARGET_NAME)";
				SWIFT_VERSION = 5.0;
				TARGETED_DEVICE_FAMILY = "1,2";
			};
			name = Release;
		};
/* End XCBuildConfiguration section */

/* Begin XCConfigurationList section */
		943DA1B8254F7B5E001B9CCB /* Build configuration list for PBXProject "ByteCoin" */ = {
			isa = XCConfigurationList;
			buildConfigurations = (
				943DA1CF254F7B60001B9CCB /* Debug */,
				943DA1D0254F7B60001B9CCB /* Release */,
			);
			defaultConfigurationIsVisible = 0;
			defaultConfigurationName = Release;
		};
		943DA1D1254F7B60001B9CCB /* Build configuration list for PBXNativeTarget "ByteCoin" */ = {
			isa = XCConfigurationList;
			buildConfigurations = (
				943DA1D2254F7B60001B9CCB /* Debug */,
				943DA1D3254F7B60001B9CCB /* Release */,
			);
			defaultConfigurationIsVisible = 0;
			defaultConfigurationName = Release;
		};
/* End XCConfigurationList section */
	};
	rootObject = 943DA1B5254F7B5E001B9CCB /* Project object */;
}
